{
	"name": "@study/grid",
	"requires": true,
	"lockfileVersion": 1,
	"dependencies": {
		"@study/style": {
			"version": "1.0.0"
		},
		"@study/util": {
			"version": "1.0.0",
			"requires": {
				"rc-util": "^5.21.4"
			},
			"dependencies": {
				"@types/node": {},
				"@types/react": {},
				"@types/react-dom": {},
				"rc-util": {
					"version": "5.21.5",
					"requires": {
						"@babel/runtime": "^7.18.3",
						"react-is": "^16.12.0",
						"shallowequal": "^1.1.0"
					},
					"dependencies": {
						"@babel/runtime": {
							"version": "7.18.9",
							"resolved": "https://registry.npmjs.org/@babel/runtime/-/runtime-7.18.9.tgz",
							"integrity": "sha512-lkqXDcvlFT5rvEjiu6+QYO+1GXrEHRo2LOtS7E4GtX5ESIZOgepqsZBVIj6Pv+a6zqsya9VCgiK1KAK4BvJDAw==",
							"requires": {
								"regenerator-runtime": "^0.13.4"
							}
						},
						"react-is": {
							"version": "16.13.1",
							"resolved": "https://registry.npmjs.org/react-is/-/react-is-16.13.1.tgz",
							"integrity": "sha512-24e6ynE2H+OKt4kqsOvNd8kBpV65zoxbA4BVsEOB3ARVWQki/DHzaUoC5KuON/BiccDaCCTZBuOcfZs70kR8bQ=="
						},
						"regenerator-runtime": {
							"version": "0.13.9",
							"resolved": "https://registry.npmjs.org/regenerator-runtime/-/regenerator-runtime-0.13.9.tgz",
							"integrity": "sha512-p3VT+cOEgxFsRRA9X4lkI1E+k2/CtnKtU4gcxyaCUreilL/vqI6CdZ3wxVUx3UOUg+gnUOQQcRI7BmSI656MYA=="
						},
						"shallowequal": {
							"version": "1.1.0",
							"resolved": "https://registry.npmjs.org/shallowequal/-/shallowequal-1.1.0.tgz",
							"integrity": "sha512-y0m1JoUZSlPAjXVtPPW70aZWfIL/dSP7AFkRnniLCrK/8MDKog3TySTBmckD+RObVxH0v4Tox67+F14PdED2oQ=="
						}
					}
				},
				"react": {}
			}
		},
		"classname": {
			"version": "0.0.0"
		},
		"react": {
			"version": "18.1.0",
			"dev": true,
			"requires": {
				"loose-envify": "^1.1.0"
			},
			"dependencies": {
				"js-tokens": {
					"version": "4.0.0",
					"resolved": "https://registry.npmjs.org/js-tokens/-/js-tokens-4.0.0.tgz",
					"integrity": "sha512-RdJUflcE3cUzKiMqQgsCu06FPu9UdIJO0beYbPhHN4k6apgJtifcoCtT9bcxOpYBtpD2kCM6Sbzg4CausW/PKQ==",
					"dev": true
				},
				"loose-envify": {
					"version": "1.4.0",
					"resolved": "https://registry.npmjs.org/loose-envify/-/loose-envify-1.4.0.tgz",
					"integrity": "sha512-lyuxPGr/Wfhrlem2CL/UcnUc1zcqKAImBDzukY7Y5F/yQiNdko6+fRLevlw1HgMySw7f611UIY408EtxRSoK3Q==",
					"dev": true,
					"requires": {
						"js-tokens": "^3.0.0 || ^4.0.0"
					}
				}
			}
		},
		"tslib": {
			"version": "2.4.0"
		}
	}
}
