{
	"name": "@study/comment",
	"requires": true,
	"lockfileVersion": 1,
	"dependencies": {
		"moment": {
			"version": "2.29.3",
			"resolved": "https://r.cnpmjs.org/moment/-/moment-2.29.3.tgz",
			"integrity": "sha512-c6YRvhEo//6T2Jz/vVtYzqBzwvPT95JBQ+smCytzf7c50oMZRsR/a4w88aD34I+/QVSfnoAnSBFPJHItlOMJVw=="
		}
	}
}
